
Microsoft Visual Studio Solution File, Format Version 12.00
# Visual Studio Version 16
VisualStudioVersion = 16.0.32413.511
MinimumVisualStudioVersion = 10.0.40219.1
Project("{FAE04EC0-301F-11D3-BF4B-00C04F79EFBC}") = "WebApplication12", "WebApplication12\WebApplication12.csproj", "{8C1DF7A3-2CE2-4B82-AD09-FC182695D5F1}"
EndProject
Global
	GlobalSection(SolutionConfigurationPlatforms) = preSolution
		Debug|Any CPU = Debug|Any CPU
		Release|Any CPU = Release|Any CPU
	EndGlobalSection
	GlobalSection(ProjectConfigurationPlatforms) = postSolution
		{8C1DF7A3-2CE2-4B82-AD09-FC182695D5F1}.Debug|Any CPU.ActiveCfg = Debug|Any CPU
		{8C1DF7A3-2CE2-4B82-AD09-FC182695D5F1}.Debug|Any CPU.Build.0 = Debug|Any CPU
		{8C1DF7A3-2CE2-4B82-AD09-FC182695D5F1}.Release|Any CPU.ActiveCfg = Release|Any CPU
		{8C1DF7A3-2CE2-4B82-AD09-FC182695D5F1}.Release|Any CPU.Build.0 = Release|Any CPU
	EndGlobalSection
	GlobalSection(SolutionProperties) = preSolution
		HideSolutionNode = FALSE
	EndGlobalSection
	GlobalSection(ExtensibilityGlobals) = postSolution
		SolutionGuid = {F692C42A-A4CC-4FB8-A65F-32582CEE6ECF}
	EndGlobalSection
EndGlobal
